{
    "_readme": [
        "This file locks the dependencies of your project to a known state",
        "Read more about it at http://getcomposer.org/doc/01-basic-usage.md#composer-lock-the-lock-file",
        "This file is @generated automatically"
    ],
    "hash": "7d23b139d7c1e153989fd7d7ef1bd9ca",
    "packages": [
        {
            "name": "danack/console",
            "version": "v2.6.1",
            "source": {
                "type": "git",
                "url": "https://github.com/Danack/Console.git",
                "reference": "0224aa0b158117fc696d5d8c5238662e09137028"
            },
            "dist": {
                "type": "zip",
                "url": "https://api.github.com/repos/Danack/Console/zipball/0224aa0b158117fc696d5d8c5238662e09137028",
                "reference": "0224aa0b158117fc696d5d8c5238662e09137028",
                "shasum": ""
            },
            "require": {
                "php": ">=5.3.3"
            },
            "require-dev": {
                "danack/auryn": "0.14.1",
                "phpunit/phpunit": "4.2.6",
                "psr/log": "~1.0",
                "symfony/process": "~2.1"
            },
            "type": "library",
            "extra": {
                "branch-alias": {
                    "dev-master": "2.6-dev"
                }
            },
            "autoload": {
                "psr-0": {
                    "Danack\\Console\\": "lib/"
                }
            },
            "notification-url": "https://packagist.org/downloads/",
            "license": [
                "MIT"
            ],
            "authors": [
                {
                    "name": "Symfony Community",
                    "homepage": "http://symfony.com/contributors"
                },
                {
                    "name": "Fabien Potencier",
                    "email": "fabien@symfony.com"
                },
                {
                    "name": "Danack",
                    "email": "Danack@basereality.com"
                }
            ],
            "description": "Refactored Symfony Console Component",
            "homepage": "http://console.basereality.com/",
            "keywords": [
                "cli",
                "console"
            ],
            "time": "2015-01-23 14:07:48"
        },
        {
            "name": "danack/jig",
            "version": "0.20.4",
            "source": {
                "type": "git",
                "url": "https://github.com/Danack/Jig.git",
                "reference": "e0f00c9bc281d986870f216d0d4657234ec1a394"
            },
            "dist": {
                "type": "zip",
                "url": "https://api.github.com/repos/Danack/Jig/zipball/e0f00c9bc281d986870f216d0d4657234ec1a394",
                "reference": "e0f00c9bc281d986870f216d0d4657234ec1a394",
                "shasum": ""
            },
            "require": {
                "nikic/php-parser": "^0.9.3",
                "zendframework/zend-escaper": "^2.5.0"
            },
            "require-dev": {
                "mockery/mockery": "0.9.1",
                "nikic/fast-route": "~0.2.0",
                "phpunit/phpunit": "3.7.*",
                "rdlowrey/auryn": "v1.0.0-alpha",
                "squizlabs/php_codesniffer": "^2.0.0"
            },
            "type": "library",
            "autoload": {
                "psr-0": {
                    "Jig": "src/"
                }
            },
            "notification-url": "https://packagist.org/downloads/",
            "license": [
                "MIT"
            ],
            "authors": [
                {
                    "name": "Dan Ackroyd",
                    "email": "Danack@basereality.com",
                    "homepage": "http://www.basereality.com"
                }
            ],
            "description": "Lightweight, fast, flexible PHP templating system that uses real dependency injection.",
            "keywords": [
                "jig",
                "library",
                "template",
                "view"
            ],
            "time": "2015-12-28 13:32:06"
        },
        {
            "name": "intahwebz/configurator",
            "version": "0.2.9",
            "source": {
                "type": "git",
                "url": "https://github.com/Danack/Configurator.git",
                "reference": "2812ad69c933cb9fa438c4b5fa842b15fb3e4e52"
            },
            "dist": {
                "type": "zip",
                "url": "https://api.github.com/repos/Danack/Configurator/zipball/2812ad69c933cb9fa438c4b5fa842b15fb3e4e52",
                "reference": "2812ad69c933cb9fa438c4b5fa842b15fb3e4e52",
                "shasum": ""
            },
            "require": {
                "danack/console": "^2.6.1",
                "rdlowrey/auryn": "^1.0.2"
            },
            "require-dev": {
                "mikey179/vfsstream": "^1.4.0",
                "phpunit/phpunit": "4.4.5"
            },
            "bin": [
                "bin/configurate",
                "bin/genenv",
                "bin/fpmconv"
            ],
            "type": "library",
            "autoload": {
                "psr-0": {
                    "Configurator": "src/"
                }
            },
            "notification-url": "https://packagist.org/downloads/",
            "license": [
                "MIT"
            ],
            "authors": [
                {
                    "name": "Dan Ackroyd",
                    "email": "Danack@basereality.com",
                    "homepage": "http://www.basereality.com"
                }
            ],
            "description": "Generates config files from PHP based config files and PHP and JSON data files.",
            "keywords": [
                "config",
                "configuration",
                "environment",
                "php",
                "tool",
                "utf-8"
            ],
            "time": "2015-10-06 21:13:22"
        },
        {
            "name": "nikic/php-parser",
            "version": "v0.9.5",
            "source": {
                "type": "git",
                "url": "https://github.com/nikic/PHP-Parser.git",
                "reference": "ef70767475434bdb3615b43c327e2cae17ef12eb"
            },
            "dist": {
                "type": "zip",
                "url": "https://api.github.com/repos/nikic/PHP-Parser/zipball/ef70767475434bdb3615b43c327e2cae17ef12eb",
                "reference": "ef70767475434bdb3615b43c327e2cae17ef12eb",
                "shasum": ""
            },
            "require": {
                "ext-tokenizer": "*",
                "php": ">=5.2"
            },
            "type": "library",
            "extra": {
                "branch-alias": {
                    "dev-master": "0.9-dev"
                }
            },
            "autoload": {
                "psr-0": {
                    "PHPParser": "lib/"
                }
            },
            "notification-url": "https://packagist.org/downloads/",
            "license": [
                "BSD-3-Clause"
            ],
            "authors": [
                {
                    "name": "Nikita Popov"
                }
            ],
            "description": "A PHP parser written in PHP",
            "keywords": [
                "parser",
                "php"
            ],
            "time": "2014-07-23 18:24:17"
        },
        {
            "name": "oyejorge/less.php",
            "version": "v1.7.0.1",
            "source": {
                "type": "git",
                "url": "https://github.com/oyejorge/less.php.git",
                "reference": "958476be9e47a13db0579397f0164af1776bdbee"
            },
            "dist": {
                "type": "zip",
                "url": "https://api.github.com/repos/oyejorge/less.php/zipball/958476be9e47a13db0579397f0164af1776bdbee",
                "reference": "958476be9e47a13db0579397f0164af1776bdbee",
                "shasum": ""
            },
            "require": {
                "php": ">=5.2"
            },
            "bin": [
                "bin/lessc"
            ],
            "type": "library",
            "autoload": {
                "psr-0": {
                    "Less": "lib/"
                },
                "classmap": [
                    "lessc.inc.php"
                ]
            },
            "notification-url": "https://packagist.org/downloads/",
            "license": [
                "Apache-2.0"
            ],
            "authors": [
                {
                    "name": "Matt Agar",
                    "homepage": "https://github.com/agar"
                },
                {
                    "name": "Martin Jantošovič",
                    "homepage": "https://github.com/Mordred"
                },
                {
                    "name": "Josh Schmidt",
                    "homepage": "https://github.com/oyejorge"
                }
            ],
            "description": "PHP port of the Javascript version of LESS http://lesscss.org",
            "homepage": "http://lessphp.gpeasy.com",
            "keywords": [
                "css",
                "less",
                "less.js",
                "lesscss",
                "php",
                "stylesheet"
            ],
            "time": "2014-03-17 04:51:51"
        },
        {
            "name": "rdlowrey/auryn",
            "version": "1.1.0",
            "source": {
                "type": "git",
                "url": "https://github.com/rdlowrey/auryn.git",
                "reference": "f57eaf665a601dbe061c8b1426d84f58c003e6a8"
            },
            "dist": {
                "type": "zip",
                "url": "https://api.github.com/repos/rdlowrey/auryn/zipball/f57eaf665a601dbe061c8b1426d84f58c003e6a8",
                "reference": "f57eaf665a601dbe061c8b1426d84f58c003e6a8",
                "shasum": ""
            },
            "require": {
                "php": ">=5.3.0"
            },
            "require-dev": {
                "athletic/athletic": "~0.1",
                "fabpot/php-cs-fixer": "~1.9",
                "phpunit/phpunit": "^4.7"
            },
            "type": "library",
            "autoload": {
                "psr-4": {
                    "Auryn\\": "lib/"
                }
            },
            "notification-url": "https://packagist.org/downloads/",
            "license": [
                "MIT"
            ],
            "authors": [
                {
                    "name": "Dan Ackroyd",
                    "email": "Danack@basereality.com",
                    "homepage": "http://www.basereality.com",
                    "role": "Developer"
                },
                {
                    "name": "Levi Morrison",
                    "email": "levim@php.net",
                    "homepage": "http://morrisonlevi.github.com/",
                    "role": "Developer"
                },
                {
                    "name": "Daniel Lowrey",
                    "email": "rdlowrey@gmail.com",
                    "homepage": "https://github.com/rdlowrey",
                    "role": "Creator / Main Developer"
                }
            ],
            "description": "Auryn is a dependency injector for bootstrapping object-oriented PHP applications.",
            "homepage": "https://github.com/rdlowrey/auryn",
            "keywords": [
                "dependency injection",
                "dic",
                "ioc"
            ],
            "time": "2015-08-26 16:31:48"
        },
        {
            "name": "zendframework/zend-escaper",
            "version": "2.5.1",
            "source": {
                "type": "git",
                "url": "https://github.com/zendframework/zend-escaper.git",
                "reference": "a4b227d8a477f4e7e9073f8e0a7ae7dbd3104a73"
            },
            "dist": {
                "type": "zip",
                "url": "https://api.github.com/repos/zendframework/zend-escaper/zipball/a4b227d8a477f4e7e9073f8e0a7ae7dbd3104a73",
                "reference": "a4b227d8a477f4e7e9073f8e0a7ae7dbd3104a73",
                "shasum": ""
            },
            "require": {
                "php": ">=5.3.23"
            },
            "require-dev": {
                "fabpot/php-cs-fixer": "1.7.*",
                "phpunit/phpunit": "~4.0"
            },
            "type": "library",
            "extra": {
                "branch-alias": {
                    "dev-master": "2.5-dev",
                    "dev-develop": "2.6-dev"
                }
            },
            "autoload": {
                "psr-4": {
                    "Zend\\Escaper\\": "src/"
                }
            },
            "notification-url": "https://packagist.org/downloads/",
            "license": [
                "BSD-3-Clause"
            ],
            "homepage": "https://github.com/zendframework/zend-escaper",
            "keywords": [
                "escaper",
                "zf2"
            ],
            "time": "2015-06-03 14:05:37"
        }
    ],
    "packages-dev": [],
    "aliases": [],
    "minimum-stability": "stable",
    "stability-flags": [],
    "prefer-stable": true,
    "prefer-lowest": false,
    "platform": [],
    "platform-dev": []
}
